// !$*UTF8*$!
{
	archiveVersion = 1;
	classes = {
	};
	objectVersion = 46;
	objects = {

/* Begin PBXBuildFile section */
		BFFA0F291B0F5C3300E11F35 /* AppDelegate.swift in Sources */ = {isa = PBXBuildFile; fileRef = BFFA0F281B0F5C3300E11F35 /* AppDelegate.swift */; };
		BFFA0F2B1B0F5C3300E11F35 /* ViewController.swift in Sources */ = {isa = PBXBuildFile; fileRef = BFFA0F2A1B0F5C3300E11F35 /* ViewController.swift */; };
		BFFA0F2E1B0F5C3300E11F35 /* Main.storyboard in Resources */ = {isa = PBXBuildFile; fileRef = BFFA0F2C1B0F5C3300E11F35 /* Main.storyboard */; };
		BFFA0F301B0F5C3300E11F35 /* Images.xcassets in Resources */ = {isa = PBXBuildFile; fileRef = BFFA0F2F1B0F5C3300E11F35 /* Images.xcassets */; };
		BFFA0F331B0F5C3300E11F35 /* LaunchScreen.xib in Resources */ = {isa = PBXBuildFile; fileRef = BFFA0F311B0F5C3300E11F35 /* LaunchScreen.xib */; };
		BFFA0F3F1B0F5C3400E11F35 /* AgeOfLaikaTests.swift in Sources */ = {isa = PBXBuildFile; fileRef = BFFA0F3E1B0F5C3400E11F35 /* AgeOfLaikaTests.swift */; };
/* End PBXBuildFile section */

/* Begin PBXContainerItemProxy section */
		BFFA0F391B0F5C3300E11F35 /* PBXContainerItemProxy */ = {
			isa = PBXContainerItemProxy;
			containerPortal = BFFA0F1B1B0F5C3300E11F35 /* Project object */;
			proxyType = 1;
			remoteGlobalIDString = BFFA0F221B0F5C3300E11F35;
			remoteInfo = AgeOfLaika;
		};
/* End PBXContainerItemProxy section */

/* Begin PBXFileReference section */
		BFFA0F231B0F5C3300E11F35 /* AgeOfLaika.app */ = {isa = PBXFileReference; explicitFileType = wrapper.application; includeInIndex = 0; path = AgeOfLaika.app; sourceTree = BUILT_PRODUCTS_DIR; };
		BFFA0F271B0F5C3300E11F35 /* Info.plist */ = {isa = PBXFileReference; lastKnownFileType = text.plist.xml; path = Info.plist; sourceTree = "<group>"; };
		BFFA0F281B0F5C3300E11F35 /* AppDelegate.swift */ = {isa = PBXFileReference; lastKnownFileType = sourcecode.swift; path = AppDelegate.swift; sourceTree = "<group>"; };
		BFFA0F2A1B0F5C3300E11F35 /* ViewController.swift */ = {isa = PBXFileReference; lastKnownFileType = sourcecode.swift; path = ViewController.swift; sourceTree = "<group>"; };
		BFFA0F2D1B0F5C3300E11F35 /* Base */ = {isa = PBXFileReference; lastKnownFileType = file.storyboard; name = Base; path = Base.lproj/Main.storyboard; sourceTree = "<group>"; };
		BFFA0F2F1B0F5C3300E11F35 /* Images.xcassets */ = {isa = PBXFileReference; lastKnownFileType = folder.assetcatalog; path = Images.xcassets; sourceTree = "<group>"; };
		BFFA0F321B0F5C3300E11F35 /* Base */ = {isa = PBXFileReference; lastKnownFileType = file.xib; name = Base; path = Base.lproj/LaunchScreen.xib; sourceTree = "<group>"; };
		BFFA0F381B0F5C3300E11F35 /* AgeOfLaikaTests.xctest */ = {isa = PBXFileReference; explicitFileType = wrapper.cfbundle; includeInIndex = 0; path = AgeOfLaikaTests.xctest; sourceTree = BUILT_PRODUCTS_DIR; };
		BFFA0F3D1B0F5C3400E11F35 /* Info.plist */ = {isa = PBXFileReference; lastKnownFileType = text.plist.xml; path = Info.plist; sourceTree = "<group>"; };
		BFFA0F3E1B0F5C3400E11F35 /* AgeOfLaikaTests.swift */ = {isa = PBXFileReference; lastKnownFileType = sourcecode.swift; path = AgeOfLaikaTests.swift; sourceTree = "<group>"; };
/* End PBXFileReference section */

/* Begin PBXFrameworksBuildPhase section */
		BFFA0F201B0F5C3300E11F35 /* Frameworks */ = {
			isa = PBXFrameworksBuildPhase;
			buildActionMask = 2147483647;
			files = (
			);
			runOnlyForDeploymentPostprocessing = 0;
		};
		BFFA0F351B0F5C3300E11F35 /* Frameworks */ = {
			isa = PBXFrameworksBuildPhase;
			buildActionMask = 2147483647;
			files = (
			);
			runOnlyForDeploymentPostprocessing = 0;
		};
/* End PBXFrameworksBuildPhase section */

/* Begin PBXGroup section */
		BFFA0F1A1B0F5C3300E11F35 = {
			isa = PBXGroup;
			children = (
				BFFA0F251B0F5C3300E11F35 /* AgeOfLaika */,
				BFFA0F3B1B0F5C3300E11F35 /* AgeOfLaikaTests */,
				BFFA0F241B0F5C3300E11F35 /* Products */,
			);
			sourceTree = "<group>";
		};
		BFFA0F241B0F5C3300E11F35 /* Products */ = {
			isa = PBXGroup;
			children = (
				BFFA0F231B0F5C3300E11F35 /* AgeOfLaika.app */,
				BFFA0F381B0F5C3300E11F35 /* AgeOfLaikaTests.xctest */,
			);
			name = Products;
			sourceTree = "<group>";
		};
		BFFA0F251B0F5C3300E11F35 /* AgeOfLaika */ = {
			isa = PBXGroup;
			children = (
				BFFA0F281B0F5C3300E11F35 /* AppDelegate.swift */,
				BFFA0F2A1B0F5C3300E11F35 /* ViewController.swift */,
				BFFA0F2C1B0F5C3300E11F35 /* Main.storyboard */,
				BFFA0F2F1B0F5C3300E11F35 /* Images.xcassets */,
				BFFA0F311B0F5C3300E11F35 /* LaunchScreen.xib */,
				BFFA0F261B0F5C3300E11F35 /* Supporting Files */,
			);
			path = AgeOfLaika;
			sourceTree = "<group>";
		};
		BFFA0F261B0F5C3300E11F35 /* Supporting Files */ = {
			isa = PBXGroup;
			children = (
				BFFA0F271B0F5C3300E11F35 /* Info.plist */,
			);
			name = "Supporting Files";
			sourceTree = "<group>";
		};
		BFFA0F3B1B0F5C3300E11F35 /* AgeOfLaikaTests */ = {
			isa = PBXGroup;
			children = (
				BFFA0F3E1B0F5C3400E11F35 /* AgeOfLaikaTests.swift */,
				BFFA0F3C1B0F5C3400E11F35 /* Supporting Files */,
			);
			path = AgeOfLaikaTests;
			sourceTree = "<group>";
		};
		BFFA0F3C1B0F5C3400E11F35 /* Supporting Files */ = {
			isa = PBXGroup;
			children = (
				BFFA0F3D1B0F5C3400E11F35 /* Info.plist */,
			);
			name = "Supporting Files";
			sourceTree = "<group>";
		};
/* End PBXGroup section */

/* Begin PBXNativeTarget section */
		BFFA0F221B0F5C3300E11F35 /* AgeOfLaika */ = {
			isa = PBXNativeTarget;
			buildConfigurationList = BFFA0F421B0F5C3400E11F35 /* Build configuration list for PBXNativeTarget "AgeOfLaika" */;
			buildPhases = (
				BFFA0F1F1B0F5C3300E11F35 /* Sources */,
				BFFA0F201B0F5C3300E11F35 /* Frameworks */,
				BFFA0F211B0F5C3300E11F35 /* Resources */,
			);
			buildRules = (
			);
			dependencies = (
			);
			name = AgeOfLaika;
			productName = AgeOfLaika;
			productReference = BFFA0F231B0F5C3300E11F35 /* AgeOfLaika.app */;
			productType = "com.apple.product-type.application";
		};
		BFFA0F371B0F5C3300E11F35 /* AgeOfLaikaTests */ = {
			isa = PBXNativeTarget;
			buildConfigurationList = BFFA0F451B0F5C3400E11F35 /* Build configuration list for PBXNativeTarget "AgeOfLaikaTests" */;
			buildPhases = (
				BFFA0F341B0F5C3300E11F35 /* Sources */,
				BFFA0F351B0F5C3300E11F35 /* Frameworks */,
				BFFA0F361B0F5C3300E11F35 /* Resources */,
			);
			buildRules = (
			);
			dependencies = (
				BFFA0F3A1B0F5C3300E11F35 /* PBXTargetDependency */,
			);
			name = AgeOfLaikaTests;
			productName = AgeOfLaikaTests;
			productReference = BFFA0F381B0F5C3300E11F35 /* AgeOfLaikaTests.xctest */;
			productType = "com.apple.product-type.bundle.unit-test";
		};
/* End PBXNativeTarget section */

/* Begin PBXProject section */
		BFFA0F1B1B0F5C3300E11F35 /* Project object */ = {
			isa = PBXProject;
			attributes = {
				LastUpgradeCheck = 0620;
				ORGANIZATIONNAME = Atikom;
				TargetAttributes = {
					BFFA0F221B0F5C3300E11F35 = {
						CreatedOnToolsVersion = 6.2;
					};
					BFFA0F371B0F5C3300E11F35 = {
						CreatedOnToolsVersion = 6.2;
						TestTargetID = BFFA0F221B0F5C3300E11F35;
					};
				};
			};
			buildConfigurationList = BFFA0F1E1B0F5C3300E11F35 /* Build configuration list for PBXProject "AgeOfLaika" */;
			compatibilityVersion = "Xcode 3.2";
			developmentRegion = English;
			hasScannedForEncodings = 0;
			knownRegions = (
				en,
				Base,
			);
			mainGroup = BFFA0F1A1B0F5C3300E11F35;
			productRefGroup = BFFA0F241B0F5C3300E11F35 /* Products */;
			projectDirPath = "";
			projectRoot = "";
			targets = (
				BFFA0F221B0F5C3300E11F35 /* AgeOfLaika */,
				BFFA0F371B0F5C3300E11F35 /* AgeOfLaikaTests */,
			);
		};
/* End PBXProject section */

/* Begin PBXResourcesBuildPhase section */
		BFFA0F211B0F5C3300E11F35 /* Resources */ = {
			isa = PBXResourcesBuildPhase;
			buildActionMask = 2147483647;
			files = (
				BFFA0F2E1B0F5C3300E11F35 /* Main.storyboard in Resources */,
				BFFA0F331B0F5C3300E11F35 /* LaunchScreen.xib in Resources */,
				BFFA0F301B0F5C3300E11F35 /* Images.xcassets in Resources */,
			);
			runOnlyForDeploymentPostprocessing = 0;
		};
		BFFA0F361B0F5C3300E11F35 /* Resources */ = {
			isa = PBXResourcesBuildPhase;
			buildActionMask = 2147483647;
			files = (
			);
			runOnlyForDeploymentPostprocessing = 0;
		};
/* End PBXResourcesBuildPhase section */

/* Begin PBXSourcesBuildPhase section */
		BFFA0F1F1B0F5C3300E11F35 /* Sources */ = {
			isa = PBXSourcesBuildPhase;
			buildActionMask = 2147483647;
			files = (
				BFFA0F2B1B0F5C3300E11F35 /* ViewController.swift in Sources */,
				BFFA0F291B0F5C3300E11F35 /* AppDelegate.swift in Sources */,
			);
			runOnlyForDeploymentPostprocessing = 0;
		};
		BFFA0F341B0F5C3300E11F35 /* Sources */ = {
			isa = PBXSourcesBuildPhase;
			buildActionMask = 2147483647;
			files = (
				BFFA0F3F1B0F5C3400E11F35 /* AgeOfLaikaTests.swift in Sources */,
			);
			runOnlyForDeploymentPostprocessing = 0;
		};
/* End PBXSourcesBuildPhase section */

/* Begin PBXTargetDependency section */
		BFFA0F3A1B0F5C3300E11F35 /* PBXTargetDependency */ = {
			isa = PBXTargetDependency;
			target = BFFA0F221B0F5C3300E11F35 /* AgeOfLaika */;
			targetProxy = BFFA0F391B0F5C3300E11F35 /* PBXContainerItemProxy */;
		};
/* End PBXTargetDependency section */

/* Begin PBXVariantGroup section */
		BFFA0F2C1B0F5C3300E11F35 /* Main.storyboard */ = {
			isa = PBXVariantGroup;
			children = (
				BFFA0F2D1B0F5C3300E11F35 /* Base */,
			);
			name = Main.storyboard;
			sourceTree = "<group>";
		};
		BFFA0F311B0F5C3300E11F35 /* LaunchScreen.xib */ = {
			isa = PBXVariantGroup;
			children = (
				BFFA0F321B0F5C3300E11F35 /* Base */,
			);
			name = LaunchScreen.xib;
			sourceTree = "<group>";
		};
/* End PBXVariantGroup section */

/* Begin XCBuildConfiguration section */
		BFFA0F401B0F5C3400E11F35 /* Debug */ = {
			isa = XCBuildConfiguration;
			buildSettings = {
				ALWAYS_SEARCH_USER_PATHS = NO;
				CLANG_CXX_LANGUAGE_STANDARD = "gnu++0x";
				CLANG_CXX_LIBRARY = "libc++";
				CLANG_ENABLE_MODULES = YES;
				CLANG_ENABLE_OBJC_ARC = YES;
				CLANG_WARN_BOOL_CONVERSION = YES;
				CLANG_WARN_CONSTANT_CONVERSION = YES;
				CLANG_WARN_DIRECT_OBJC_ISA_USAGE = YES_ERROR;
				CLANG_WARN_EMPTY_BODY = YES;
				CLANG_WARN_ENUM_CONVERSION = YES;
				CLANG_WARN_INT_CONVERSION = YES;
				CLANG_WARN_OBJC_ROOT_CLASS = YES_ERROR;
				CLANG_WARN_UNREACHABLE_CODE = YES;
				CLANG_WARN__DUPLICATE_METHOD_MATCH = YES;
				"CODE_SIGN_IDENTITY[sdk=iphoneos*]" = "iPhone Developer";
				COPY_PHASE_STRIP = NO;
				ENABLE_STRICT_OBJC_MSGSEND = YES;
				GCC_C_LANGUAGE_STANDARD = gnu99;
				GCC_DYNAMIC_NO_PIC = NO;
				GCC_OPTIMIZATION_LEVEL = 0;
				GCC_PREPROCESSOR_DEFINITIONS = (
					"DEBUG=1",
					"$(inherited)",
				);
				GCC_SYMBOLS_PRIVATE_EXTERN = NO;
				GCC_WARN_64_TO_32_BIT_CONVERSION = YES;
				GCC_WARN_ABOUT_RETURN_TYPE = YES_ERROR;
				GCC_WARN_UNDECLARED_SELECTOR = YES;
				GCC_WARN_UNINITIALIZED_AUTOS = YES_AGGRESSIVE;
				GCC_WARN_UNUSED_FUNCTION = YES;
				GCC_WARN_UNUSED_VARIABLE = YES;
				IPHONEOS_DEPLOYMENT_TARGET = 8.2;
				MTL_ENABLE_DEBUG_INFO = YES;
				ONLY_ACTIVE_ARCH = YES;
				SDKROOT = iphoneos;
				SWIFT_OPTIMIZATION_LEVEL = "-Onone";
				TARGETED_DEVICE_FAMILY = "1,2";
			};
			name = Debug;
		};
		BFFA0F411B0F5C3400E11F35 /* Release */ = {
			isa = XCBuildConfiguration;
			buildSettings = {
				ALWAYS_SEARCH_USER_PATHS = NO;
				CLANG_CXX_LANGUAGE_STANDARD = "gnu++0x";
				CLANG_CXX_LIBRARY = "libc++";
				CLANG_ENABLE_MODULES = YES;
				CLANG_ENABLE_OBJC_ARC = YES;
				CLANG_WARN_BOOL_CONVERSION = YES;
				CLANG_WARN_CONSTANT_CONVERSION = YES;
				CLANG_WARN_DIRECT_OBJC_ISA_USAGE = YES_ERROR;
				CLANG_WARN_EMPTY_BODY = YES;
				CLANG_WARN_ENUM_CONVERSION = YES;
				CLANG_WARN_INT_CONVERSION = YES;
				CLANG_WARN_OBJC_ROOT_CLASS = YES_ERROR;
				CLANG_WARN_UNREACHABLE_CODE = YES;
				CLANG_WARN__DUPLICATE_METHOD_MATCH = YES;
				"CODE_SIGN_IDENTITY[sdk=iphoneos*]" = "iPhone Developer";
				COPY_PHASE_STRIP = NO;
				ENABLE_NS_ASSERTIONS = NO;
				ENABLE_STRICT_OBJC_MSGSEND = YES;
				GCC_C_LANGUAGE_STANDARD = gnu99;
				GCC_WARN_64_TO_32_BIT_CONVERSION = YES;
				GCC_WARN_ABOUT_RETURN_TYPE = YES_ERROR;
				GCC_WARN_UNDECLARED_SELECTOR = YES;
				GCC_WARN_UNINITIALIZED_AUTOS = YES_AGGRESSIVE;
				GCC_WARN_UNUSED_FUNCTION = YES;
				GCC_WARN_UNUSED_VARIABLE = YES;
				IPHONEOS_DEPLOYMENT_TARGET = 8.2;
				MTL_ENABLE_DEBUG_INFO = NO;
				SDKROOT = iphoneos;
				TARGETED_DEVICE_FAMILY = "1,2";
				VALIDATE_PRODUCT = YES;
			};
			name = Release;
		};
		BFFA0F431B0F5C3400E11F35 /* Debug */ = {
			isa = XCBuildConfiguration;
			buildSettings = {
				ASSETCATALOG_COMPILER_APPICON_NAME = AppIcon;
				INFOPLIST_FILE = AgeOfLaika/Info.plist;
				LD_RUNPATH_SEARCH_PATHS = "$(inherited) @executable_path/Frameworks";
				PRODUCT_NAME = "$(TARGET_NAME)";
			};
			name = Debug;
		};
		BFFA0F441B0F5C3400E11F35 /* Release */ = {
			isa = XCBuildConfiguration;
			buildSettings = {
				ASSETCATALOG_COMPILER_APPICON_NAME = AppIcon;
				INFOPLIST_FILE = AgeOfLaika/Info.plist;
				LD_RUNPATH_SEARCH_PATHS = "$(inherited) @executable_path/Frameworks";
				PRODUCT_NAME = "$(TARGET_NAME)";
			};
			name = Release;
		};
		BFFA0F461B0F5C3400E11F35 /* Debug */ = {
			isa = XCBuildConfiguration;
			buildSettings = {
				BUNDLE_LOADER = "$(TEST_HOST)";
				FRAMEWORK_SEARCH_PATHS = (
					"$(SDKROOT)/Developer/Library/Frameworks",
					"$(inherited)",
				);
				GCC_PREPROCESSOR_DEFINITIONS = (
					"DEBUG=1",
					"$(inherited)",
				);
				INFOPLIST_FILE = AgeOfLaikaTests/Info.plist;
				LD_RUNPATH_SEARCH_PATHS = "$(inherited) @executable_path/Frameworks @loader_path/Frameworks";
				PRODUCT_NAME = "$(TARGET_NAME)";
				TEST_HOST = "$(BUILT_PRODUCTS_DIR)/AgeOfLaika.app/AgeOfLaika";
			};
			name = Debug;
		};
		BFFA0F471B0F5C3400E11F35 /* Release */ = {
			isa = XCBuildConfiguration;
			buildSettings = {
				BUNDLE_LOADER = "$(TEST_HOST)";
				FRAMEWORK_SEARCH_PATHS = (
					"$(SDKROOT)/Developer/Library/Frameworks",
					"$(inherited)",
				);
				INFOPLIST_FILE = AgeOfLaikaTests/Info.plist;
				LD_RUNPATH_SEARCH_PATHS = "$(inherited) @executable_path/Frameworks @loader_path/Frameworks";
				PRODUCT_NAME = "$(TARGET_NAME)";
				TEST_HOST = "$(BUILT_PRODUCTS_DIR)/AgeOfLaika.app/AgeOfLaika";
			};
			name = Release;
		};
/* End XCBuildConfiguration section */

/* Begin XCConfigurationList section */
		BFFA0F1E1B0F5C3300E11F35 /* Build configuration list for PBXProject "AgeOfLaika" */ = {
			isa = XCConfigurationList;
			buildConfigurations = (
				BFFA0F401B0F5C3400E11F35 /* Debug */,
				BFFA0F411B0F5C3400E11F35 /* Release */,
			);
			defaultConfigurationIsVisible = 0;
			defaultConfigurationName = Release;
		};
		BFFA0F421B0F5C3400E11F35 /* Build configuration list for PBXNativeTarget "AgeOfLaika" */ = {
			isa = XCConfigurationList;
			buildConfigurations = (
				BFFA0F431B0F5C3400E11F35 /* Debug */,
				BFFA0F441B0F5C3400E11F35 /* Release */,
			);
			defaultConfigurationIsVisible = 0;
		};
		BFFA0F451B0F5C3400E11F35 /* Build configuration list for PBXNativeTarget "AgeOfLaikaTests" */ = {
			isa = XCConfigurationList;
			buildConfigurations = (
				BFFA0F461B0F5C3400E11F35 /* Debug */,
				BFFA0F471B0F5C3400E11F35 /* Release */,
			);
			defaultConfigurationIsVisible = 0;
		};
/* End XCConfigurationList section */
	};
	rootObject = BFFA0F1B1B0F5C3300E11F35 /* Project object */;
}
